<?xml version="1.0" encoding="utf-8"?>
<Project ToolsVersion="4.0" xmlns="http://schemas.microsoft.com/developer/msbuild/2003">
  <ItemGroup>
    <Filter Include="include">
      <UniqueIdentifier>{93995380-89BD-4b04-88EB-625FBE52EBFB}</UniqueIdentifier>
      <Extensions>h;hpp;hxx;hm;inl;inc;xsd</Extensions>
    </Filter>
    <Filter Include="src">
      <UniqueIdentifier>{4FC737F1-C7A5-4376-A066-2A32D752A2FF}</UniqueIdentifier>
      <Extensions>cpp;c;cc;cxx;def;odl;idl;hpj;bat;asm;asmx</Extensions>
    </Filter>
    <Filter Include="include\mrl">
      <UniqueIdentifier>{fb0ead9b-8fed-4cb8-abe2-828152f82940}</UniqueIdentifier>
    </Filter>
    <Filter Include="include\mrl\utility">
      <UniqueIdentifier>{0c3da23f-b289-456c-a040-10b6fa7d8261}</UniqueIdentifier>
    </Filter>
    <Filter Include="include\mrl\common">
      <UniqueIdentifier>{7c8d0a5f-23c9-4340-beeb-8e013be83e11}</UniqueIdentifier>
    </Filter>
  </ItemGroup>
  <ItemGroup>
    <None Include="ReadMe.txt" />
  </ItemGroup>
  <ItemGroup>
    <ClInclude Include="stdafx.h">
      <Filter>src</Filter>
    </ClInclude>
    <ClInclude Include="targetver.h">
      <Filter>src</Filter>
    </ClInclude>
    <ClInclude Include="..\include\mrl\common\SingletonSupport.h">
      <Filter>include\mrl\common</Filter>
    </ClInclude>
    <ClInclude Include="..\include\mrl\common\tstring.h">
      <Filter>include\mrl\common</Filter>
    </ClInclude>
    <ClInclude Include="..\include\mrl\utility\DebugInfo.h">
      <Filter>include\mrl\utility</Filter>
    </ClInclude>
    <ClInclude Include="..\include\mrl\utility\CodeConv.h">
      <Filter>include\mrl\utility</Filter>
    </ClInclude>
    <ClInclude Include="..\include\mrl\MrlExport.h">
      <Filter>include\mrl</Filter>
    </ClInclude>
    <ClInclude Include="resource.h">
      <Filter>include</Filter>
    </ClInclude>
    <ClInclude Include="..\include\mrl\utility\SimpleTaskMessageWindow.h">
      <Filter>include\mrl\utility</Filter>
    </ClInclude>
  </ItemGroup>
  <ItemGroup>
    <ClCompile Include="stdafx.cpp">
      <Filter>src</Filter>
    </ClCompile>
    <ClCompile Include="mrl.cpp">
      <Filter>src</Filter>
    </ClCompile>
    <ClCompile Include="dllmain.cpp">
      <Filter>src</Filter>
    </ClCompile>
    <ClCompile Include="CodeConv.cpp">
      <Filter>src</Filter>
    </ClCompile>
    <ClCompile Include="SimpleTaskMessageWindow.cpp">
      <Filter>src</Filter>
    </ClCompile>
  </ItemGroup>
  <ItemGroup>
    <ResourceCompile Include="mrl.rc" />
  </ItemGroup>
</Project>